// !$*UTF8*$!
{
	archiveVersion = 1;
	classes = {
	};
	objectVersion = 46;
	objects = {

/* Begin PBXBuildFile section */
		AA2992741F0A363A00C174ED /* FBAudienceNetwork.framework in Frameworks */ = {isa = PBXBuildFile; fileRef = AA2992691F0A363A00C174ED /* FBAudienceNetwork.framework */; };
		AA2992931F0A40B800C174ED /* BannerTestViewController.m in Sources */ = {isa = PBXBuildFile; fileRef = AA29928C1F0A40B800C174ED /* BannerTestViewController.m */; };
		AA2992941F0A40B800C174ED /* InterstitialViewController.m in Sources */ = {isa = PBXBuildFile; fileRef = AA29928E1F0A40B800C174ED /* InterstitialViewController.m */; };
		AA2992951F0A40B800C174ED /* RewardViewController.m in Sources */ = {isa = PBXBuildFile; fileRef = AA2992901F0A40B800C174ED /* RewardViewController.m */; };
		AA2992961F0A40B800C174ED /* ViewController.m in Sources */ = {isa = PBXBuildFile; fileRef = AA2992921F0A40B800C174ED /* ViewController.m */; };
		AA2992991F0A411B00C174ED /* WallViewController.m in Sources */ = {isa = PBXBuildFile; fileRef = AA2992981F0A411B00C174ED /* WallViewController.m */; };
		AA2992FD1F0A493E00C174ED /* libxml2.tbd in Frameworks */ = {isa = PBXBuildFile; fileRef = AA2992A11F0A458200C174ED /* libxml2.tbd */; };
		AA2992FE1F0A498D00C174ED /* CoreMotion.framework in Frameworks */ = {isa = PBXBuildFile; fileRef = AA29929F1F0A456A00C174ED /* CoreMotion.framework */; };
		AA2992FF1F0A49A500C174ED /* GLKit.framework in Frameworks */ = {isa = PBXBuildFile; fileRef = AA29929D1F0A44BD00C174ED /* GLKit.framework */; };
		AA2993001F0A49C800C174ED /* libc++.tbd in Frameworks */ = {isa = PBXBuildFile; fileRef = AA2992A31F0A459A00C174ED /* libc++.tbd */; };
		AA2993471F0A49EF00C174ED /* AdColony.framework in Frameworks */ = {isa = PBXBuildFile; fileRef = AA2993021F0A49EF00C174ED /* AdColony.framework */; };
		AA2993481F0A49EF00C174ED /* AppLovinSDK.framework in Frameworks */ = {isa = PBXBuildFile; fileRef = AA2993041F0A49EF00C174ED /* AppLovinSDK.framework */; };
		AA2993491F0A49EF00C174ED /* libAppnextLib.a in Frameworks */ = {isa = PBXBuildFile; fileRef = AA2993191F0A49EF00C174ED /* libAppnextLib.a */; };
		AA29934A1F0A49EF00C174ED /* libAppnextSDKCore.a in Frameworks */ = {isa = PBXBuildFile; fileRef = AA29931A1F0A49EF00C174ED /* libAppnextSDKCore.a */; };
		AA29934B1F0A49EF00C174ED /* ChanceAdRes.bundle in Resources */ = {isa = PBXBuildFile; fileRef = AA29931D1F0A49EF00C174ED /* ChanceAdRes.bundle */; };
		AA29934C1F0A49EF00C174ED /* libChanceAd_Video.a in Frameworks */ = {isa = PBXBuildFile; fileRef = AA2993221F0A49EF00C174ED /* libChanceAd_Video.a */; };
		AA29934D1F0A49EF00C174ED /* libIndependentVideoSDK.a in Frameworks */ = {isa = PBXBuildFile; fileRef = AA2993261F0A49EF00C174ED /* libIndependentVideoSDK.a */; };
		AA29934E1F0A49EF00C174ED /* DMLocalizable.strings in Resources */ = {isa = PBXBuildFile; fileRef = AA2993281F0A49EF00C174ED /* DMLocalizable.strings */; };
		AA29934F1F0A49EF00C174ED /* IndependentVideoBundle.bundle in Resources */ = {isa = PBXBuildFile; fileRef = AA29932A1F0A49EF00C174ED /* IndependentVideoBundle.bundle */; };
		AA2993501F0A49EF00C174ED /* libGDTMobSDK.a in Frameworks */ = {isa = PBXBuildFile; fileRef = AA2993321F0A49EF00C174ED /* libGDTMobSDK.a */; };
		AA2993511F0A49EF00C174ED /* GoogleMobileAds.framework in Frameworks */ = {isa = PBXBuildFile; fileRef = AA2993341F0A49EF00C174ED /* GoogleMobileAds.framework */; };
		AA2993521F0A49EF00C174ED /* MVSDK.framework in Frameworks */ = {isa = PBXBuildFile; fileRef = AA2993361F0A49EF00C174ED /* MVSDK.framework */; };
		AA2993531F0A49EF00C174ED /* MVSDKReward.framework in Frameworks */ = {isa = PBXBuildFile; fileRef = AA2993371F0A49EF00C174ED /* MVSDKReward.framework */; };
		AA2993541F0A49EF00C174ED /* OnewaySDK.a in Frameworks */ = {isa = PBXBuildFile; fileRef = AA2993391F0A49EF00C174ED /* OnewaySDK.a */; };
		AA2993551F0A49EF00C174ED /* UnityAds.framework in Frameworks */ = {isa = PBXBuildFile; fileRef = AA29933D1F0A49EF00C174ED /* UnityAds.framework */; };
		AA2993561F0A49EF00C174ED /* __vungle.db in Resources */ = {isa = PBXBuildFile; fileRef = AA2993401F0A49EF00C174ED /* __vungle.db */; };
		AA2993571F0A49EF00C174ED /* vg_close.png in Resources */ = {isa = PBXBuildFile; fileRef = AA2993411F0A49EF00C174ED /* vg_close.png */; };
		AA2993581F0A49EF00C174ED /* vg_cta.png in Resources */ = {isa = PBXBuildFile; fileRef = AA2993421F0A49EF00C174ED /* vg_cta.png */; };
		AA2993591F0A49EF00C174ED /* vg_mute_off.png in Resources */ = {isa = PBXBuildFile; fileRef = AA2993431F0A49EF00C174ED /* vg_mute_off.png */; };
		AA29935A1F0A49EF00C174ED /* vg_mute_on.png in Resources */ = {isa = PBXBuildFile; fileRef = AA2993441F0A49EF00C174ED /* vg_mute_on.png */; };
		AA29935B1F0A49EF00C174ED /* vg_privacy.png in Resources */ = {isa = PBXBuildFile; fileRef = AA2993451F0A49EF00C174ED /* vg_privacy.png */; };
		AA29935C1F0A49EF00C174ED /* VungleSDK.framework in Frameworks */ = {isa = PBXBuildFile; fileRef = AA2993461F0A49EF00C174ED /* VungleSDK.framework */; };
		AAAFBBC21EA5E05B008A12B3 /* main.m in Sources */ = {isa = PBXBuildFile; fileRef = AAAFBBC11EA5E05B008A12B3 /* main.m */; };
		AAAFBBC51EA5E05B008A12B3 /* AppDelegate.m in Sources */ = {isa = PBXBuildFile; fileRef = AAAFBBC41EA5E05B008A12B3 /* AppDelegate.m */; };
		AAAFBBCD1EA5E05B008A12B3 /* Assets.xcassets in Resources */ = {isa = PBXBuildFile; fileRef = AAAFBBCC1EA5E05B008A12B3 /* Assets.xcassets */; };
		AAAFBBD01EA5E05B008A12B3 /* LaunchScreen.storyboard in Resources */ = {isa = PBXBuildFile; fileRef = AAAFBBCE1EA5E05B008A12B3 /* LaunchScreen.storyboard */; };
		AAAFBC851EA62B17008A12B3 /* QuartzCore.framework in Frameworks */ = {isa = PBXBuildFile; fileRef = AAAFBC841EA62B17008A12B3 /* QuartzCore.framework */; };
		AAAFBC871EA62B1D008A12B3 /* MediaPlayer.framework in Frameworks */ = {isa = PBXBuildFile; fileRef = AAAFBC861EA62B1D008A12B3 /* MediaPlayer.framework */; };
		AAAFBC891EA62B22008A12B3 /* libsqlite3.tbd in Frameworks */ = {isa = PBXBuildFile; fileRef = AAAFBC881EA62B22008A12B3 /* libsqlite3.tbd */; };
		AAAFBC8B1EA62B27008A12B3 /* libz.tbd in Frameworks */ = {isa = PBXBuildFile; fileRef = AAAFBC8A1EA62B27008A12B3 /* libz.tbd */; };
		AAAFBC8D1EA62B2D008A12B3 /* CoreMedia.framework in Frameworks */ = {isa = PBXBuildFile; fileRef = AAAFBC8C1EA62B2D008A12B3 /* CoreMedia.framework */; };
		AAAFBC8F1EA62B32008A12B3 /* CoreGraphics.framework in Frameworks */ = {isa = PBXBuildFile; fileRef = AAAFBC8E1EA62B32008A12B3 /* CoreGraphics.framework */; };
		AAAFBC911EA62B37008A12B3 /* CFNetwork.framework in Frameworks */ = {isa = PBXBuildFile; fileRef = AAAFBC901EA62B37008A12B3 /* CFNetwork.framework */; };
		AAAFBC931EA62B3D008A12B3 /* WebKit.framework in Frameworks */ = {isa = PBXBuildFile; fileRef = AAAFBC921EA62B3D008A12B3 /* WebKit.framework */; settings = {ATTRIBUTES = (Weak, ); }; };
		AAAFBC951EA62B46008A12B3 /* WatchConnectivity.framework in Frameworks */ = {isa = PBXBuildFile; fileRef = AAAFBC941EA62B46008A12B3 /* WatchConnectivity.framework */; settings = {ATTRIBUTES = (Weak, ); }; };
		AAAFBC971EA62B4D008A12B3 /* SystemConfiguration.framework in Frameworks */ = {isa = PBXBuildFile; fileRef = AAAFBC961EA62B4D008A12B3 /* SystemConfiguration.framework */; };
		AAAFBC991EA62B55008A12B3 /* StoreKit.framework in Frameworks */ = {isa = PBXBuildFile; fileRef = AAAFBC981EA62B55008A12B3 /* StoreKit.framework */; };
		AAAFBC9B1EA62B5A008A12B3 /* Social.framework in Frameworks */ = {isa = PBXBuildFile; fileRef = AAAFBC9A1EA62B5A008A12B3 /* Social.framework */; };
		AAAFBC9D1EA62B5F008A12B3 /* MessageUI.framework in Frameworks */ = {isa = PBXBuildFile; fileRef = AAAFBC9C1EA62B5F008A12B3 /* MessageUI.framework */; };
		AAAFBC9F1EA62B66008A12B3 /* JavaScriptCore.framework in Frameworks */ = {isa = PBXBuildFile; fileRef = AAAFBC9E1EA62B66008A12B3 /* JavaScriptCore.framework */; settings = {ATTRIBUTES = (Weak, ); }; };
		AAAFBCA11EA62B6E008A12B3 /* EventKit.framework in Frameworks */ = {isa = PBXBuildFile; fileRef = AAAFBCA01EA62B6E008A12B3 /* EventKit.framework */; };
		AAAFBCA31EA62B74008A12B3 /* CoreTelephony.framework in Frameworks */ = {isa = PBXBuildFile; fileRef = AAAFBCA21EA62B74008A12B3 /* CoreTelephony.framework */; };
		AAAFBCA51EA62B80008A12B3 /* AVFoundation.framework in Frameworks */ = {isa = PBXBuildFile; fileRef = AAAFBCA41EA62B80008A12B3 /* AVFoundation.framework */; };
		AAAFBCA71EA62B86008A12B3 /* AudioToolbox.framework in Frameworks */ = {isa = PBXBuildFile; fileRef = AAAFBCA61EA62B86008A12B3 /* AudioToolbox.framework */; };
		AAAFBCA91EA62B8D008A12B3 /* AdSupport.framework in Frameworks */ = {isa = PBXBuildFile; fileRef = AAAFBCA81EA62B8D008A12B3 /* AdSupport.framework */; };
		AAAFBCCE1EA62D12008A12B3 /* UIKit.framework in Frameworks */ = {isa = PBXBuildFile; fileRef = AAAFBCCD1EA62D12008A12B3 /* UIKit.framework */; };
		AAAFBCD01EA62D1A008A12B3 /* Foundation.framework in Frameworks */ = {isa = PBXBuildFile; fileRef = AAAFBCCF1EA62D1A008A12B3 /* Foundation.framework */; };
		AAAFBCD21EA62D21008A12B3 /* libz.1.2.5.tbd in Frameworks */ = {isa = PBXBuildFile; fileRef = AAAFBCD11EA62D21008A12B3 /* libz.1.2.5.tbd */; };
		AAE062451EEA7A9800322F07 /* AvidlyAdsSDK.bundle in Resources */ = {isa = PBXBuildFile; fileRef = AAE062431EEA7A9800322F07 /* AvidlyAdsSDK.bundle */; };
		AAE062461EEA7A9800322F07 /* AvidlyAdsSDK.framework in Frameworks */ = {isa = PBXBuildFile; fileRef = AAE062441EEA7A9800322F07 /* AvidlyAdsSDK.framework */; };
/* End PBXBuildFile section */

/* Begin PBXFileReference section */
		AA2992691F0A363A00C174ED /* FBAudienceNetwork.framework */ = {isa = PBXFileReference; lastKnownFileType = wrapper.framework; path = FBAudienceNetwork.framework; sourceTree = "<group>"; };
		AA29928B1F0A40B800C174ED /* BannerTestViewController.h */ = {isa = PBXFileReference; fileEncoding = 4; lastKnownFileType = sourcecode.c.h; path = BannerTestViewController.h; sourceTree = "<group>"; };
		AA29928C1F0A40B800C174ED /* BannerTestViewController.m */ = {isa = PBXFileReference; fileEncoding = 4; lastKnownFileType = sourcecode.c.objc; path = BannerTestViewController.m; sourceTree = "<group>"; };
		AA29928D1F0A40B800C174ED /* InterstitialViewController.h */ = {isa = PBXFileReference; fileEncoding = 4; lastKnownFileType = sourcecode.c.h; path = InterstitialViewController.h; sourceTree = "<group>"; };
		AA29928E1F0A40B800C174ED /* InterstitialViewController.m */ = {isa = PBXFileReference; fileEncoding = 4; lastKnownFileType = sourcecode.c.objc; path = InterstitialViewController.m; sourceTree = "<group>"; };
		AA29928F1F0A40B800C174ED /* RewardViewController.h */ = {isa = PBXFileReference; fileEncoding = 4; lastKnownFileType = sourcecode.c.h; path = RewardViewController.h; sourceTree = "<group>"; };
		AA2992901F0A40B800C174ED /* RewardViewController.m */ = {isa = PBXFileReference; fileEncoding = 4; lastKnownFileType = sourcecode.c.objc; path = RewardViewController.m; sourceTree = "<group>"; };
		AA2992911F0A40B800C174ED /* ViewController.h */ = {isa = PBXFileReference; fileEncoding = 4; lastKnownFileType = sourcecode.c.h; path = ViewController.h; sourceTree = "<group>"; };
		AA2992921F0A40B800C174ED /* ViewController.m */ = {isa = PBXFileReference; fileEncoding = 4; lastKnownFileType = sourcecode.c.objc; path = ViewController.m; sourceTree = "<group>"; };
		AA2992971F0A411B00C174ED /* WallViewController.h */ = {isa = PBXFileReference; fileEncoding = 4; lastKnownFileType = sourcecode.c.h; path = WallViewController.h; sourceTree = "<group>"; };
		AA2992981F0A411B00C174ED /* WallViewController.m */ = {isa = PBXFileReference; fileEncoding = 4; lastKnownFileType = sourcecode.c.objc; path = WallViewController.m; sourceTree = "<group>"; };
		AA29929D1F0A44BD00C174ED /* GLKit.framework */ = {isa = PBXFileReference; lastKnownFileType = wrapper.framework; name = GLKit.framework; path = System/Library/Frameworks/GLKit.framework; sourceTree = SDKROOT; };
		AA29929F1F0A456A00C174ED /* CoreMotion.framework */ = {isa = PBXFileReference; lastKnownFileType = wrapper.framework; name = CoreMotion.framework; path = System/Library/Frameworks/CoreMotion.framework; sourceTree = SDKROOT; };
		AA2992A11F0A458200C174ED /* libxml2.tbd */ = {isa = PBXFileReference; lastKnownFileType = "sourcecode.text-based-dylib-definition"; name = libxml2.tbd; path = usr/lib/libxml2.tbd; sourceTree = SDKROOT; };
		AA2992A31F0A459A00C174ED /* libc++.tbd */ = {isa = PBXFileReference; lastKnownFileType = "sourcecode.text-based-dylib-definition"; name = "libc++.tbd"; path = "usr/lib/libc++.tbd"; sourceTree = SDKROOT; };
		AA2993021F0A49EF00C174ED /* AdColony.framework */ = {isa = PBXFileReference; lastKnownFileType = wrapper.framework; path = AdColony.framework; sourceTree = "<group>"; };
		AA2993041F0A49EF00C174ED /* AppLovinSDK.framework */ = {isa = PBXFileReference; lastKnownFileType = wrapper.framework; path = AppLovinSDK.framework; sourceTree = "<group>"; };
		AA2993081F0A49EF00C174ED /* AppnextFullScreenVideoAd.h */ = {isa = PBXFileReference; fileEncoding = 4; lastKnownFileType = sourcecode.c.h; path = AppnextFullScreenVideoAd.h; sourceTree = "<group>"; };
		AA2993091F0A49EF00C174ED /* AppnextFullScreenVideoAdConfiguration.h */ = {isa = PBXFileReference; fileEncoding = 4; lastKnownFileType = sourcecode.c.h; path = AppnextFullScreenVideoAdConfiguration.h; sourceTree = "<group>"; };
		AA29930A1F0A49EF00C174ED /* AppnextInterstitialAd.h */ = {isa = PBXFileReference; fileEncoding = 4; lastKnownFileType = sourcecode.c.h; path = AppnextInterstitialAd.h; sourceTree = "<group>"; };
		AA29930B1F0A49EF00C174ED /* AppnextInterstitialAdConfiguration.h */ = {isa = PBXFileReference; fileEncoding = 4; lastKnownFileType = sourcecode.c.h; path = AppnextInterstitialAdConfiguration.h; sourceTree = "<group>"; };
		AA29930C1F0A49EF00C174ED /* AppnextLib.h */ = {isa = PBXFileReference; fileEncoding = 4; lastKnownFileType = sourcecode.c.h; path = AppnextLib.h; sourceTree = "<group>"; };
		AA29930D1F0A49EF00C174ED /* AppnextRewardedServerSidePostbackParams.h */ = {isa = PBXFileReference; fileEncoding = 4; lastKnownFileType = sourcecode.c.h; path = AppnextRewardedServerSidePostbackParams.h; sourceTree = "<group>"; };
		AA29930E1F0A49EF00C174ED /* AppnextRewardedVideoAd.h */ = {isa = PBXFileReference; fileEncoding = 4; lastKnownFileType = sourcecode.c.h; path = AppnextRewardedVideoAd.h; sourceTree = "<group>"; };
		AA29930F1F0A49EF00C174ED /* AppnextRewardedVideoAdConfiguration.h */ = {isa = PBXFileReference; fileEncoding = 4; lastKnownFileType = sourcecode.c.h; path = AppnextRewardedVideoAdConfiguration.h; sourceTree = "<group>"; };
		AA2993101F0A49EF00C174ED /* AppnextSDKApi.h */ = {isa = PBXFileReference; fileEncoding = 4; lastKnownFileType = sourcecode.c.h; path = AppnextSDKApi.h; sourceTree = "<group>"; };
		AA2993111F0A49EF00C174ED /* AppnextVideoAd.h */ = {isa = PBXFileReference; fileEncoding = 4; lastKnownFileType = sourcecode.c.h; path = AppnextVideoAd.h; sourceTree = "<group>"; };
		AA2993121F0A49EF00C174ED /* AppnextVideoAdConfiguration.h */ = {isa = PBXFileReference; fileEncoding = 4; lastKnownFileType = sourcecode.c.h; path = AppnextVideoAdConfiguration.h; sourceTree = "<group>"; };
		AA2993141F0A49EF00C174ED /* AppnextAd.h */ = {isa = PBXFileReference; fileEncoding = 4; lastKnownFileType = sourcecode.c.h; path = AppnextAd.h; sourceTree = "<group>"; };
		AA2993151F0A49EF00C174ED /* AppnextAdConfiguration.h */ = {isa = PBXFileReference; fileEncoding = 4; lastKnownFileType = sourcecode.c.h; path = AppnextAdConfiguration.h; sourceTree = "<group>"; };
		AA2993161F0A49EF00C174ED /* AppnextAdData.h */ = {isa = PBXFileReference; fileEncoding = 4; lastKnownFileType = sourcecode.c.h; path = AppnextAdData.h; sourceTree = "<group>"; };
		AA2993171F0A49EF00C174ED /* AppnextSDKCoreApi.h */ = {isa = PBXFileReference; fileEncoding = 4; lastKnownFileType = sourcecode.c.h; path = AppnextSDKCoreApi.h; sourceTree = "<group>"; };
		AA2993181F0A49EF00C174ED /* AppnextSDKCorePublicDefs.h */ = {isa = PBXFileReference; fileEncoding = 4; lastKnownFileType = sourcecode.c.h; path = AppnextSDKCorePublicDefs.h; sourceTree = "<group>"; };
		AA2993191F0A49EF00C174ED /* libAppnextLib.a */ = {isa = PBXFileReference; lastKnownFileType = archive.ar; path = libAppnextLib.a; sourceTree = "<group>"; };
		AA29931A1F0A49EF00C174ED /* libAppnextSDKCore.a */ = {isa = PBXFileReference; lastKnownFileType = archive.ar; path = libAppnextSDKCore.a; sourceTree = "<group>"; };
		AA29931C1F0A49EF00C174ED /* ChanceAd.h */ = {isa = PBXFileReference; fileEncoding = 4; lastKnownFileType = sourcecode.c.h; path = ChanceAd.h; sourceTree = "<group>"; };
		AA29931D1F0A49EF00C174ED /* ChanceAdRes.bundle */ = {isa = PBXFileReference; lastKnownFileType = "wrapper.plug-in"; path = ChanceAdRes.bundle; sourceTree = "<group>"; };
		AA29931E1F0A49EF00C174ED /* CSADRequest.h */ = {isa = PBXFileReference; fileEncoding = 4; lastKnownFileType = sourcecode.c.h; path = CSADRequest.h; sourceTree = "<group>"; };
		AA29931F1F0A49EF00C174ED /* CSError.h */ = {isa = PBXFileReference; fileEncoding = 4; lastKnownFileType = sourcecode.c.h; path = CSError.h; sourceTree = "<group>"; };
		AA2993201F0A49EF00C174ED /* CSSplashAd.h */ = {isa = PBXFileReference; fileEncoding = 4; lastKnownFileType = sourcecode.c.h; path = CSSplashAd.h; sourceTree = "<group>"; };
		AA2993211F0A49EF00C174ED /* CSVideoAD.h */ = {isa = PBXFileReference; fileEncoding = 4; lastKnownFileType = sourcecode.c.h; path = CSVideoAD.h; sourceTree = "<group>"; };
		AA2993221F0A49EF00C174ED /* libChanceAd_Video.a */ = {isa = PBXFileReference; lastKnownFileType = archive.ar; path = libChanceAd_Video.a; sourceTree = "<group>"; };
		AA2993251F0A49EF00C174ED /* IndependentVideoManager.h */ = {isa = PBXFileReference; fileEncoding = 4; lastKnownFileType = sourcecode.c.h; path = IndependentVideoManager.h; sourceTree = "<group>"; };
		AA2993261F0A49EF00C174ED /* libIndependentVideoSDK.a */ = {isa = PBXFileReference; lastKnownFileType = archive.ar; path = libIndependentVideoSDK.a; sourceTree = "<group>"; };
		AA2993291F0A49EF00C174ED /* en */ = {isa = PBXFileReference; lastKnownFileType = text.plist.strings; name = en; path = en.lproj/DMLocalizable.strings; sourceTree = "<group>"; };
		AA29932A1F0A49EF00C174ED /* IndependentVideoBundle.bundle */ = {isa = PBXFileReference; lastKnownFileType = "wrapper.plug-in"; path = IndependentVideoBundle.bundle; sourceTree = "<group>"; };
		AA29932B1F0A49EF00C174ED /* zh-Hans */ = {isa = PBXFileReference; lastKnownFileType = text.plist.strings; name = "zh-Hans"; path = "zh-Hans.lproj/DMLocalizable.strings"; sourceTree = "<group>"; };
		AA29932D1F0A49EF00C174ED /* GDTMobBannerView.h */ = {isa = PBXFileReference; fileEncoding = 4; lastKnownFileType = sourcecode.c.h; path = GDTMobBannerView.h; sourceTree = "<group>"; };
		AA29932E1F0A49EF00C174ED /* GDTMobInterstitial.h */ = {isa = PBXFileReference; fileEncoding = 4; lastKnownFileType = sourcecode.c.h; path = GDTMobInterstitial.h; sourceTree = "<group>"; };
		AA29932F1F0A49EF00C174ED /* GDTNativeAd.h */ = {isa = PBXFileReference; fileEncoding = 4; lastKnownFileType = sourcecode.c.h; path = GDTNativeAd.h; sourceTree = "<group>"; };
		AA2993301F0A49EF00C174ED /* GDTSplashAd.h */ = {isa = PBXFileReference; fileEncoding = 4; lastKnownFileType = sourcecode.c.h; path = GDTSplashAd.h; sourceTree = "<group>"; };
		AA2993311F0A49EF00C174ED /* GDTTrack.h */ = {isa = PBXFileReference; fileEncoding = 4; lastKnownFileType = sourcecode.c.h; path = GDTTrack.h; sourceTree = "<group>"; };
		AA2993321F0A49EF00C174ED /* libGDTMobSDK.a */ = {isa = PBXFileReference; lastKnownFileType = archive.ar; path = libGDTMobSDK.a; sourceTree = "<group>"; };
		AA2993341F0A49EF00C174ED /* GoogleMobileAds.framework */ = {isa = PBXFileReference; lastKnownFileType = wrapper.framework; path = GoogleMobileAds.framework; sourceTree = "<group>"; };
		AA2993361F0A49EF00C174ED /* MVSDK.framework */ = {isa = PBXFileReference; lastKnownFileType = wrapper.framework; path = MVSDK.framework; sourceTree = "<group>"; };
		AA2993371F0A49EF00C174ED /* MVSDKReward.framework */ = {isa = PBXFileReference; lastKnownFileType = wrapper.framework; path = MVSDKReward.framework; sourceTree = "<group>"; };
		AA2993391F0A49EF00C174ED /* OnewaySDK.a */ = {isa = PBXFileReference; lastKnownFileType = archive.ar; path = OnewaySDK.a; sourceTree = "<group>"; };
		AA29933A1F0A49EF00C174ED /* OneWaySDK.h */ = {isa = PBXFileReference; fileEncoding = 4; lastKnownFileType = sourcecode.c.h; path = OneWaySDK.h; sourceTree = "<group>"; };
		AA29933B1F0A49EF00C174ED /* OWUserMetaData.h */ = {isa = PBXFileReference; fileEncoding = 4; lastKnownFileType = sourcecode.c.h; path = OWUserMetaData.h; sourceTree = "<group>"; };
		AA29933D1F0A49EF00C174ED /* UnityAds.framework */ = {isa = PBXFileReference; lastKnownFileType = wrapper.framework; path = UnityAds.framework; sourceTree = "<group>"; };
		AA2993401F0A49EF00C174ED /* __vungle.db */ = {isa = PBXFileReference; lastKnownFileType = file; path = __vungle.db; sourceTree = "<group>"; };
		AA2993411F0A49EF00C174ED /* vg_close.png */ = {isa = PBXFileReference; lastKnownFileType = image.png; path = vg_close.png; sourceTree = "<group>"; };
		AA2993421F0A49EF00C174ED /* vg_cta.png */ = {isa = PBXFileReference; lastKnownFileType = image.png; path = vg_cta.png; sourceTree = "<group>"; };
		AA2993431F0A49EF00C174ED /* vg_mute_off.png */ = {isa = PBXFileReference; lastKnownFileType = image.png; path = vg_mute_off.png; sourceTree = "<group>"; };
		AA2993441F0A49EF00C174ED /* vg_mute_on.png */ = {isa = PBXFileReference; lastKnownFileType = image.png; path = vg_mute_on.png; sourceTree = "<group>"; };
		AA2993451F0A49EF00C174ED /* vg_privacy.png */ = {isa = PBXFileReference; lastKnownFileType = image.png; path = vg_privacy.png; sourceTree = "<group>"; };
		AA2993461F0A49EF00C174ED /* VungleSDK.framework */ = {isa = PBXFileReference; lastKnownFileType = wrapper.framework; path = VungleSDK.framework; sourceTree = "<group>"; };
		AAAFBBBD1EA5E05B008A12B3 /* AvidlyAdsSDK.app */ = {isa = PBXFileReference; explicitFileType = wrapper.application; includeInIndex = 0; path = AvidlyAdsSDK.app; sourceTree = BUILT_PRODUCTS_DIR; };
		AAAFBBC11EA5E05B008A12B3 /* main.m */ = {isa = PBXFileReference; lastKnownFileType = sourcecode.c.objc; path = main.m; sourceTree = "<group>"; };
		AAAFBBC31EA5E05B008A12B3 /* AppDelegate.h */ = {isa = PBXFileReference; lastKnownFileType = sourcecode.c.h; path = AppDelegate.h; sourceTree = "<group>"; };
		AAAFBBC41EA5E05B008A12B3 /* AppDelegate.m */ = {isa = PBXFileReference; lastKnownFileType = sourcecode.c.objc; path = AppDelegate.m; sourceTree = "<group>"; };
		AAAFBBCC1EA5E05B008A12B3 /* Assets.xcassets */ = {isa = PBXFileReference; lastKnownFileType = folder.assetcatalog; path = Assets.xcassets; sourceTree = "<group>"; };
		AAAFBBCF1EA5E05B008A12B3 /* Base */ = {isa = PBXFileReference; lastKnownFileType = file.storyboard; name = Base; path = Base.lproj/LaunchScreen.storyboard; sourceTree = "<group>"; };
		AAAFBBD11EA5E05B008A12B3 /* Info.plist */ = {isa = PBXFileReference; lastKnownFileType = text.plist.xml; path = Info.plist; sourceTree = "<group>"; };
		AAAFBC841EA62B17008A12B3 /* QuartzCore.framework */ = {isa = PBXFileReference; lastKnownFileType = wrapper.framework; name = QuartzCore.framework; path = System/Library/Frameworks/QuartzCore.framework; sourceTree = SDKROOT; };
		AAAFBC861EA62B1D008A12B3 /* MediaPlayer.framework */ = {isa = PBXFileReference; lastKnownFileType = wrapper.framework; name = MediaPlayer.framework; path = System/Library/Frameworks/MediaPlayer.framework; sourceTree = SDKROOT; };
		AAAFBC881EA62B22008A12B3 /* libsqlite3.tbd */ = {isa = PBXFileReference; lastKnownFileType = "sourcecode.text-based-dylib-definition"; name = libsqlite3.tbd; path = usr/lib/libsqlite3.tbd; sourceTree = SDKROOT; };
		AAAFBC8A1EA62B27008A12B3 /* libz.tbd */ = {isa = PBXFileReference; lastKnownFileType = "sourcecode.text-based-dylib-definition"; name = libz.tbd; path = usr/lib/libz.tbd; sourceTree = SDKROOT; };
		AAAFBC8C1EA62B2D008A12B3 /* CoreMedia.framework */ = {isa = PBXFileReference; lastKnownFileType = wrapper.framework; name = CoreMedia.framework; path = System/Library/Frameworks/CoreMedia.framework; sourceTree = SDKROOT; };
		AAAFBC8E1EA62B32008A12B3 /* CoreGraphics.framework */ = {isa = PBXFileReference; lastKnownFileType = wrapper.framework; name = CoreGraphics.framework; path = System/Library/Frameworks/CoreGraphics.framework; sourceTree = SDKROOT; };
		AAAFBC901EA62B37008A12B3 /* CFNetwork.framework */ = {isa = PBXFileReference; lastKnownFileType = wrapper.framework; name = CFNetwork.framework; path = System/Library/Frameworks/CFNetwork.framework; sourceTree = SDKROOT; };
		AAAFBC921EA62B3D008A12B3 /* WebKit.framework */ = {isa = PBXFileReference; lastKnownFileType = wrapper.framework; name = WebKit.framework; path = System/Library/Frameworks/WebKit.framework; sourceTree = SDKROOT; };
		AAAFBC941EA62B46008A12B3 /* WatchConnectivity.framework */ = {isa = PBXFileReference; lastKnownFileType = wrapper.framework; name = WatchConnectivity.framework; path = System/Library/Frameworks/WatchConnectivity.framework; sourceTree = SDKROOT; };
		AAAFBC961EA62B4D008A12B3 /* SystemConfiguration.framework */ = {isa = PBXFileReference; lastKnownFileType = wrapper.framework; name = SystemConfiguration.framework; path = System/Library/Frameworks/SystemConfiguration.framework; sourceTree = SDKROOT; };
		AAAFBC981EA62B55008A12B3 /* StoreKit.framework */ = {isa = PBXFileReference; lastKnownFileType = wrapper.framework; name = StoreKit.framework; path = System/Library/Frameworks/StoreKit.framework; sourceTree = SDKROOT; };
		AAAFBC9A1EA62B5A008A12B3 /* Social.framework */ = {isa = PBXFileReference; lastKnownFileType = wrapper.framework; name = Social.framework; path = System/Library/Frameworks/Social.framework; sourceTree = SDKROOT; };
		AAAFBC9C1EA62B5F008A12B3 /* MessageUI.framework */ = {isa = PBXFileReference; lastKnownFileType = wrapper.framework; name = MessageUI.framework; path = System/Library/Frameworks/MessageUI.framework; sourceTree = SDKROOT; };
		AAAFBC9E1EA62B66008A12B3 /* JavaScriptCore.framework */ = {isa = PBXFileReference; lastKnownFileType = wrapper.framework; name = JavaScriptCore.framework; path = System/Library/Frameworks/JavaScriptCore.framework; sourceTree = SDKROOT; };
		AAAFBCA01EA62B6E008A12B3 /* EventKit.framework */ = {isa = PBXFileReference; lastKnownFileType = wrapper.framework; name = EventKit.framework; path = System/Library/Frameworks/EventKit.framework; sourceTree = SDKROOT; };
		AAAFBCA21EA62B74008A12B3 /* CoreTelephony.framework */ = {isa = PBXFileReference; lastKnownFileType = wrapper.framework; name = CoreTelephony.framework; path = System/Library/Frameworks/CoreTelephony.framework; sourceTree = SDKROOT; };
		AAAFBCA41EA62B80008A12B3 /* AVFoundation.framework */ = {isa = PBXFileReference; lastKnownFileType = wrapper.framework; name = AVFoundation.framework; path = System/Library/Frameworks/AVFoundation.framework; sourceTree = SDKROOT; };
		AAAFBCA61EA62B86008A12B3 /* AudioToolbox.framework */ = {isa = PBXFileReference; lastKnownFileType = wrapper.framework; name = AudioToolbox.framework; path = System/Library/Frameworks/AudioToolbox.framework; sourceTree = SDKROOT; };
		AAAFBCA81EA62B8D008A12B3 /* AdSupport.framework */ = {isa = PBXFileReference; lastKnownFileType = wrapper.framework; name = AdSupport.framework; path = System/Library/Frameworks/AdSupport.framework; sourceTree = SDKROOT; };
		AAAFBCCD1EA62D12008A12B3 /* UIKit.framework */ = {isa = PBXFileReference; lastKnownFileType = wrapper.framework; name = UIKit.framework; path = System/Library/Frameworks/UIKit.framework; sourceTree = SDKROOT; };
		AAAFBCCF1EA62D1A008A12B3 /* Foundation.framework */ = {isa = PBXFileReference; lastKnownFileType = wrapper.framework; name = Foundation.framework; path = System/Library/Frameworks/Foundation.framework; sourceTree = SDKROOT; };
		AAAFBCD11EA62D21008A12B3 /* libz.1.2.5.tbd */ = {isa = PBXFileReference; lastKnownFileType = "sourcecode.text-based-dylib-definition"; name = libz.1.2.5.tbd; path = usr/lib/libz.1.2.5.tbd; sourceTree = SDKROOT; };
		AAE062431EEA7A9800322F07 /* AvidlyAdsSDK.bundle */ = {isa = PBXFileReference; lastKnownFileType = "wrapper.plug-in"; path = AvidlyAdsSDK.bundle; sourceTree = "<group>"; };
		AAE062441EEA7A9800322F07 /* AvidlyAdsSDK.framework */ = {isa = PBXFileReference; lastKnownFileType = wrapper.framework; path = AvidlyAdsSDK.framework; sourceTree = "<group>"; };
/* End PBXFileReference section */

/* Begin PBXFrameworksBuildPhase section */
		AAAFBBBA1EA5E05B008A12B3 /* Frameworks */ = {
			isa = PBXFrameworksBuildPhase;
			buildActionMask = 2147483647;
			files = (
				AA2993001F0A49C800C174ED /* libc++.tbd in Frameworks */,
				AA2993551F0A49EF00C174ED /* UnityAds.framework in Frameworks */,
				AA29934D1F0A49EF00C174ED /* libIndependentVideoSDK.a in Frameworks */,
				AA2992FF1F0A49A500C174ED /* GLKit.framework in Frameworks */,
				AA2992FE1F0A498D00C174ED /* CoreMotion.framework in Frameworks */,
				AA2992FD1F0A493E00C174ED /* libxml2.tbd in Frameworks */,
				AA29934C1F0A49EF00C174ED /* libChanceAd_Video.a in Frameworks */,
				AA29934A1F0A49EF00C174ED /* libAppnextSDKCore.a in Frameworks */,
				AA29935C1F0A49EF00C174ED /* VungleSDK.framework in Frameworks */,
				AA2993541F0A49EF00C174ED /* OnewaySDK.a in Frameworks */,
				AAAFBCD21EA62D21008A12B3 /* libz.1.2.5.tbd in Frameworks */,
				AAAFBCD01EA62D1A008A12B3 /* Foundation.framework in Frameworks */,
				AA2993481F0A49EF00C174ED /* AppLovinSDK.framework in Frameworks */,
				AAAFBCCE1EA62D12008A12B3 /* UIKit.framework in Frameworks */,
				AAAFBCA91EA62B8D008A12B3 /* AdSupport.framework in Frameworks */,
				AA2993531F0A49EF00C174ED /* MVSDKReward.framework in Frameworks */,
				AAAFBCA71EA62B86008A12B3 /* AudioToolbox.framework in Frameworks */,
				AAAFBCA51EA62B80008A12B3 /* AVFoundation.framework in Frameworks */,
				AAAFBCA31EA62B74008A12B3 /* CoreTelephony.framework in Frameworks */,
				AA2993491F0A49EF00C174ED /* libAppnextLib.a in Frameworks */,
				AAE062461EEA7A9800322F07 /* AvidlyAdsSDK.framework in Frameworks */,
				AAAFBCA11EA62B6E008A12B3 /* EventKit.framework in Frameworks */,
				AAAFBC9F1EA62B66008A12B3 /* JavaScriptCore.framework in Frameworks */,
				AAAFBC9D1EA62B5F008A12B3 /* MessageUI.framework in Frameworks */,
				AAAFBC9B1EA62B5A008A12B3 /* Social.framework in Frameworks */,
				AAAFBC991EA62B55008A12B3 /* StoreKit.framework in Frameworks */,
				AAAFBC971EA62B4D008A12B3 /* SystemConfiguration.framework in Frameworks */,
				AAAFBC951EA62B46008A12B3 /* WatchConnectivity.framework in Frameworks */,
				AA2993471F0A49EF00C174ED /* AdColony.framework in Frameworks */,
				AAAFBC931EA62B3D008A12B3 /* WebKit.framework in Frameworks */,
				AAAFBC911EA62B37008A12B3 /* CFNetwork.framework in Frameworks */,
				AAAFBC8F1EA62B32008A12B3 /* CoreGraphics.framework in Frameworks */,
				AAAFBC8D1EA62B2D008A12B3 /* CoreMedia.framework in Frameworks */,
				AA2992741F0A363A00C174ED /* FBAudienceNetwork.framework in Frameworks */,
				AAAFBC8B1EA62B27008A12B3 /* libz.tbd in Frameworks */,
				AAAFBC891EA62B22008A12B3 /* libsqlite3.tbd in Frameworks */,
				AA2993521F0A49EF00C174ED /* MVSDK.framework in Frameworks */,
				AA2993511F0A49EF00C174ED /* GoogleMobileAds.framework in Frameworks */,
				AAAFBC871EA62B1D008A12B3 /* MediaPlayer.framework in Frameworks */,
				AAAFBC851EA62B17008A12B3 /* QuartzCore.framework in Frameworks */,
				AA2993501F0A49EF00C174ED /* libGDTMobSDK.a in Frameworks */,
			);
			runOnlyForDeploymentPostprocessing = 0;
		};
/* End PBXFrameworksBuildPhase section */

/* Begin PBXGroup section */
		AA2992681F0A363A00C174ED /* FBAudienceNetwork-4.22.0 */ = {
			isa = PBXGroup;
			children = (
				AA2992691F0A363A00C174ED /* FBAudienceNetwork.framework */,
			);
			path = "FBAudienceNetwork-4.22.0";
			sourceTree = "<group>";
		};
		AA29928A1F0A40B800C174ED /* TestCode */ = {
			isa = PBXGroup;
			children = (
				AA29928B1F0A40B800C174ED /* BannerTestViewController.h */,
				AA29928C1F0A40B800C174ED /* BannerTestViewController.m */,
				AA29928D1F0A40B800C174ED /* InterstitialViewController.h */,
				AA29928E1F0A40B800C174ED /* InterstitialViewController.m */,
				AA29928F1F0A40B800C174ED /* RewardViewController.h */,
				AA2992901F0A40B800C174ED /* RewardViewController.m */,
				AA2992971F0A411B00C174ED /* WallViewController.h */,
				AA2992981F0A411B00C174ED /* WallViewController.m */,
				AA2992911F0A40B800C174ED /* ViewController.h */,
				AA2992921F0A40B800C174ED /* ViewController.m */,
			);
			path = TestCode;
			sourceTree = "<group>";
		};
		AA2993011F0A49EF00C174ED /* AdColony-iOS-SDK-3.1.0 */ = {
			isa = PBXGroup;
			children = (
				AA2993021F0A49EF00C174ED /* AdColony.framework */,
			);
			path = "AdColony-iOS-SDK-3.1.0";
			sourceTree = "<group>";
		};
		AA2993031F0A49EF00C174ED /* AppLovin-SDK-4.2.1 */ = {
			isa = PBXGroup;
			children = (
				AA2993041F0A49EF00C174ED /* AppLovinSDK.framework */,
			);
			path = "AppLovin-SDK-4.2.1";
			sourceTree = "<group>";
		};
		AA2993051F0A49EF00C174ED /* Appnext-SDK-1.8.2 */ = {
			isa = PBXGroup;
			children = (
				AA2993061F0A49EF00C174ED /* include */,
				AA2993191F0A49EF00C174ED /* libAppnextLib.a */,
				AA29931A1F0A49EF00C174ED /* libAppnextSDKCore.a */,
			);
			path = "Appnext-SDK-1.8.2";
			sourceTree = "<group>";
		};
		AA2993061F0A49EF00C174ED /* include */ = {
			isa = PBXGroup;
			children = (
				AA2993071F0A49EF00C174ED /* AppnextLib */,
				AA2993131F0A49EF00C174ED /* AppnextSDKCore */,
			);
			path = include;
			sourceTree = "<group>";
		};
		AA2993071F0A49EF00C174ED /* AppnextLib */ = {
			isa = PBXGroup;
			children = (
				AA2993081F0A49EF00C174ED /* AppnextFullScreenVideoAd.h */,
				AA2993091F0A49EF00C174ED /* AppnextFullScreenVideoAdConfiguration.h */,
				AA29930A1F0A49EF00C174ED /* AppnextInterstitialAd.h */,
				AA29930B1F0A49EF00C174ED /* AppnextInterstitialAdConfiguration.h */,
				AA29930C1F0A49EF00C174ED /* AppnextLib.h */,
				AA29930D1F0A49EF00C174ED /* AppnextRewardedServerSidePostbackParams.h */,
				AA29930E1F0A49EF00C174ED /* AppnextRewardedVideoAd.h */,
				AA29930F1F0A49EF00C174ED /* AppnextRewardedVideoAdConfiguration.h */,
				AA2993101F0A49EF00C174ED /* AppnextSDKApi.h */,
				AA2993111F0A49EF00C174ED /* AppnextVideoAd.h */,
				AA2993121F0A49EF00C174ED /* AppnextVideoAdConfiguration.h */,
			);
			path = AppnextLib;
			sourceTree = "<group>";
		};
		AA2993131F0A49EF00C174ED /* AppnextSDKCore */ = {
			isa = PBXGroup;
			children = (
				AA2993141F0A49EF00C174ED /* AppnextAd.h */,
				AA2993151F0A49EF00C174ED /* AppnextAdConfiguration.h */,
				AA2993161F0A49EF00C174ED /* AppnextAdData.h */,
				AA2993171F0A49EF00C174ED /* AppnextSDKCoreApi.h */,
				AA2993181F0A49EF00C174ED /* AppnextSDKCorePublicDefs.h */,
			);
			path = AppnextSDKCore;
			sourceTree = "<group>";
		};
		AA29931B1F0A49EF00C174ED /* ChanceAd-SDK-6.4.3 */ = {
			isa = PBXGroup;
			children = (
				AA29931C1F0A49EF00C174ED /* ChanceAd.h */,
				AA29931D1F0A49EF00C174ED /* ChanceAdRes.bundle */,
				AA29931E1F0A49EF00C174ED /* CSADRequest.h */,
				AA29931F1F0A49EF00C174ED /* CSError.h */,
				AA2993201F0A49EF00C174ED /* CSSplashAd.h */,
				AA2993211F0A49EF00C174ED /* CSVideoAD.h */,
				AA2993221F0A49EF00C174ED /* libChanceAd_Video.a */,
			);
			path = "ChanceAd-SDK-6.4.3";
			sourceTree = "<group>";
		};
		AA2993231F0A49EF00C174ED /* Domob-SDK-3.6.0 */ = {
			isa = PBXGroup;
			children = (
				AA2993241F0A49EF00C174ED /* Headers */,
				AA2993261F0A49EF00C174ED /* libIndependentVideoSDK.a */,
				AA2993271F0A49EF00C174ED /* Resource */,
			);
			path = "Domob-SDK-3.6.0";
			sourceTree = "<group>";
		};
		AA2993241F0A49EF00C174ED /* Headers */ = {
			isa = PBXGroup;
			children = (
				AA2993251F0A49EF00C174ED /* IndependentVideoManager.h */,
			);
			path = Headers;
			sourceTree = "<group>";
		};
		AA2993271F0A49EF00C174ED /* Resource */ = {
			isa = PBXGroup;
			children = (
				AA2993281F0A49EF00C174ED /* DMLocalizable.strings */,
				AA29932A1F0A49EF00C174ED /* IndependentVideoBundle.bundle */,
			);
			path = Resource;
			sourceTree = "<group>";
		};
		AA29932C1F0A49EF00C174ED /* GDT-SDK-4.5.7 */ = {
			isa = PBXGroup;
			children = (
				AA29932D1F0A49EF00C174ED /* GDTMobBannerView.h */,
				AA29932E1F0A49EF00C174ED /* GDTMobInterstitial.h */,
				AA29932F1F0A49EF00C174ED /* GDTNativeAd.h */,
				AA2993301F0A49EF00C174ED /* GDTSplashAd.h */,
				AA2993311F0A49EF00C174ED /* GDTTrack.h */,
				AA2993321F0A49EF00C174ED /* libGDTMobSDK.a */,
			);
			path = "GDT-SDK-4.5.7";
			sourceTree = "<group>";
		};
		AA2993331F0A49EF00C174ED /* GoogleMobileAdsSdkiOS-7.19.0 */ = {
			isa = PBXGroup;
			children = (
				AA2993341F0A49EF00C174ED /* GoogleMobileAds.framework */,
			);
			path = "GoogleMobileAdsSdkiOS-7.19.0";
			sourceTree = "<group>";
		};
		AA2993351F0A49EF00C174ED /* Mobvista-SDK-1.9.0 */ = {
			isa = PBXGroup;
			children = (
				AA2993361F0A49EF00C174ED /* MVSDK.framework */,
				AA2993371F0A49EF00C174ED /* MVSDKReward.framework */,
			);
			path = "Mobvista-SDK-1.9.0";
			sourceTree = "<group>";
		};
		AA2993381F0A49EF00C174ED /* OneWaySDK-1.3.0 */ = {
			isa = PBXGroup;
			children = (
				AA2993391F0A49EF00C174ED /* OnewaySDK.a */,
				AA29933A1F0A49EF00C174ED /* OneWaySDK.h */,
				AA29933B1F0A49EF00C174ED /* OWUserMetaData.h */,
			);
			path = "OneWaySDK-1.3.0";
			sourceTree = "<group>";
		};
		AA29933C1F0A49EF00C174ED /* Unity-SDK-2.1.0 */ = {
			isa = PBXGroup;
			children = (
				AA29933D1F0A49EF00C174ED /* UnityAds.framework */,
			);
			path = "Unity-SDK-2.1.0";
			sourceTree = "<group>";
		};
		AA29933E1F0A49EF00C174ED /* Vungle-SDK-4.0.9 */ = {
			isa = PBXGroup;
			children = (
				AA29933F1F0A49EF00C174ED /* Resources */,
				AA2993461F0A49EF00C174ED /* VungleSDK.framework */,
			);
			path = "Vungle-SDK-4.0.9";
			sourceTree = "<group>";
		};
		AA29933F1F0A49EF00C174ED /* Resources */ = {
			isa = PBXGroup;
			children = (
				AA2993401F0A49EF00C174ED /* __vungle.db */,
				AA2993411F0A49EF00C174ED /* vg_close.png */,
				AA2993421F0A49EF00C174ED /* vg_cta.png */,
				AA2993431F0A49EF00C174ED /* vg_mute_off.png */,
				AA2993441F0A49EF00C174ED /* vg_mute_on.png */,
				AA2993451F0A49EF00C174ED /* vg_privacy.png */,
			);
			path = Resources;
			sourceTree = "<group>";
		};
		AAAFBBB41EA5E05B008A12B3 = {
			isa = PBXGroup;
			children = (
				AAE0624E1EEA87DC00322F07 /* 3rdFramework */,
				AAAFBCD41EA62F1A008A12B3 /* Framework */,
				AAAFBBBF1EA5E05B008A12B3 /* AvidlyAdsSDK */,
				AAAFBBBE1EA5E05B008A12B3 /* Products */,
				AAAFBC831EA62B17008A12B3 /* Frameworks */,
			);
			sourceTree = "<group>";
		};
		AAAFBBBE1EA5E05B008A12B3 /* Products */ = {
			isa = PBXGroup;
			children = (
				AAAFBBBD1EA5E05B008A12B3 /* AvidlyAdsSDK.app */,
			);
			name = Products;
			sourceTree = "<group>";
		};
		AAAFBBBF1EA5E05B008A12B3 /* AvidlyAdsSDK */ = {
			isa = PBXGroup;
			children = (
				AAAFBBC31EA5E05B008A12B3 /* AppDelegate.h */,
				AAAFBBC41EA5E05B008A12B3 /* AppDelegate.m */,
				AA29928A1F0A40B800C174ED /* TestCode */,
				AAAFBBCC1EA5E05B008A12B3 /* Assets.xcassets */,
				AAAFBBCE1EA5E05B008A12B3 /* LaunchScreen.storyboard */,
				AAAFBBD11EA5E05B008A12B3 /* Info.plist */,
				AAAFBBC01EA5E05B008A12B3 /* Supporting Files */,
			);
			path = AvidlyAdsSDK;
			sourceTree = "<group>";
		};
		AAAFBBC01EA5E05B008A12B3 /* Supporting Files */ = {
			isa = PBXGroup;
			children = (
				AAAFBBC11EA5E05B008A12B3 /* main.m */,
			);
			name = "Supporting Files";
			sourceTree = "<group>";
		};
		AAAFBC831EA62B17008A12B3 /* Frameworks */ = {
			isa = PBXGroup;
			children = (
				AA2992A31F0A459A00C174ED /* libc++.tbd */,
				AA2992A11F0A458200C174ED /* libxml2.tbd */,
				AA29929F1F0A456A00C174ED /* CoreMotion.framework */,
				AA29929D1F0A44BD00C174ED /* GLKit.framework */,
				AAAFBCD11EA62D21008A12B3 /* libz.1.2.5.tbd */,
				AAAFBCCF1EA62D1A008A12B3 /* Foundation.framework */,
				AAAFBCCD1EA62D12008A12B3 /* UIKit.framework */,
				AAAFBCA81EA62B8D008A12B3 /* AdSupport.framework */,
				AAAFBCA61EA62B86008A12B3 /* AudioToolbox.framework */,
				AAAFBCA41EA62B80008A12B3 /* AVFoundation.framework */,
				AAAFBCA21EA62B74008A12B3 /* CoreTelephony.framework */,
				AAAFBCA01EA62B6E008A12B3 /* EventKit.framework */,
				AAAFBC9E1EA62B66008A12B3 /* JavaScriptCore.framework */,
				AAAFBC9C1EA62B5F008A12B3 /* MessageUI.framework */,
				AAAFBC9A1EA62B5A008A12B3 /* Social.framework */,
				AAAFBC981EA62B55008A12B3 /* StoreKit.framework */,
				AAAFBC961EA62B4D008A12B3 /* SystemConfiguration.framework */,
				AAAFBC941EA62B46008A12B3 /* WatchConnectivity.framework */,
				AAAFBC921EA62B3D008A12B3 /* WebKit.framework */,
				AAAFBC901EA62B37008A12B3 /* CFNetwork.framework */,
				AAAFBC8E1EA62B32008A12B3 /* CoreGraphics.framework */,
				AAAFBC8C1EA62B2D008A12B3 /* CoreMedia.framework */,
				AAAFBC8A1EA62B27008A12B3 /* libz.tbd */,
				AAAFBC881EA62B22008A12B3 /* libsqlite3.tbd */,
				AAAFBC861EA62B1D008A12B3 /* MediaPlayer.framework */,
				AAAFBC841EA62B17008A12B3 /* QuartzCore.framework */,
			);
			name = Frameworks;
			sourceTree = "<group>";
		};
		AAAFBCD41EA62F1A008A12B3 /* Framework */ = {
			isa = PBXGroup;
			children = (
				AAE062421EEA7A9800322F07 /* AvidlyAdsSDK */,
			);
			path = Framework;
			sourceTree = "<group>";
		};
		AAE062421EEA7A9800322F07 /* AvidlyAdsSDK */ = {
			isa = PBXGroup;
			children = (
				AAE062431EEA7A9800322F07 /* AvidlyAdsSDK.bundle */,
				AAE062441EEA7A9800322F07 /* AvidlyAdsSDK.framework */,
			);
			path = AvidlyAdsSDK;
			sourceTree = "<group>";
		};
		AAE0624E1EEA87DC00322F07 /* 3rdFramework */ = {
			isa = PBXGroup;
			children = (
				AA2993011F0A49EF00C174ED /* AdColony-iOS-SDK-3.1.0 */,
				AA2993031F0A49EF00C174ED /* AppLovin-SDK-4.2.1 */,
				AA2993051F0A49EF00C174ED /* Appnext-SDK-1.8.2 */,
				AA29931B1F0A49EF00C174ED /* ChanceAd-SDK-6.4.3 */,
				AA2993231F0A49EF00C174ED /* Domob-SDK-3.6.0 */,
				AA29932C1F0A49EF00C174ED /* GDT-SDK-4.5.7 */,
				AA2993331F0A49EF00C174ED /* GoogleMobileAdsSdkiOS-7.19.0 */,
				AA2993351F0A49EF00C174ED /* Mobvista-SDK-1.9.0 */,
				AA2993381F0A49EF00C174ED /* OneWaySDK-1.3.0 */,
				AA29933C1F0A49EF00C174ED /* Unity-SDK-2.1.0 */,
				AA29933E1F0A49EF00C174ED /* Vungle-SDK-4.0.9 */,
				AA2992681F0A363A00C174ED /* FBAudienceNetwork-4.22.0 */,
			);
			path = 3rdFramework;
			sourceTree = "<group>";
		};
/* End PBXGroup section */

/* Begin PBXNativeTarget section */
		AAAFBBBC1EA5E05B008A12B3 /* AvidlyAdsSDK */ = {
			isa = PBXNativeTarget;
			buildConfigurationList = AAAFBBD41EA5E05B008A12B3 /* Build configuration list for PBXNativeTarget "AvidlyAdsSDK" */;
			buildPhases = (
				AAAFBBB91EA5E05B008A12B3 /* Sources */,
				AAAFBBBA1EA5E05B008A12B3 /* Frameworks */,
				AAAFBBBB1EA5E05B008A12B3 /* Resources */,
			);
			buildRules = (
			);
			dependencies = (
			);
			name = AvidlyAdsSDK;
			productName = AvidlyAdsSDK;
			productReference = AAAFBBBD1EA5E05B008A12B3 /* AvidlyAdsSDK.app */;
			productType = "com.apple.product-type.application";
		};
/* End PBXNativeTarget section */

/* Begin PBXProject section */
		AAAFBBB51EA5E05B008A12B3 /* Project object */ = {
			isa = PBXProject;
			attributes = {
				LastUpgradeCheck = 0830;
				ORGANIZATIONNAME = liuguojun;
				TargetAttributes = {
					AAAFBBBC1EA5E05B008A12B3 = {
						CreatedOnToolsVersion = 8.2.1;
						DevelopmentTeam = KT2VUH5W7D;
						ProvisioningStyle = Automatic;
					};
				};
			};
			buildConfigurationList = AAAFBBB81EA5E05B008A12B3 /* Build configuration list for PBXProject "AvidlyAdsSDK" */;
			compatibilityVersion = "Xcode 3.2";
			developmentRegion = English;
			hasScannedForEncodings = 0;
			knownRegions = (
				en,
				Base,
				"zh-Hans",
			);
			mainGroup = AAAFBBB41EA5E05B008A12B3;
			productRefGroup = AAAFBBBE1EA5E05B008A12B3 /* Products */;
			projectDirPath = "";
			projectRoot = "";
			targets = (
				AAAFBBBC1EA5E05B008A12B3 /* AvidlyAdsSDK */,
			);
		};
/* End PBXProject section */

/* Begin PBXResourcesBuildPhase section */
		AAAFBBBB1EA5E05B008A12B3 /* Resources */ = {
			isa = PBXResourcesBuildPhase;
			buildActionMask = 2147483647;
			files = (
				AAE062451EEA7A9800322F07 /* AvidlyAdsSDK.bundle in Resources */,
				AA2993571F0A49EF00C174ED /* vg_close.png in Resources */,
				AA2993561F0A49EF00C174ED /* __vungle.db in Resources */,
				AA2993591F0A49EF00C174ED /* vg_mute_off.png in Resources */,
				AA2993581F0A49EF00C174ED /* vg_cta.png in Resources */,
				AAAFBBD01EA5E05B008A12B3 /* LaunchScreen.storyboard in Resources */,
				AAAFBBCD1EA5E05B008A12B3 /* Assets.xcassets in Resources */,
				AA29934B1F0A49EF00C174ED /* ChanceAdRes.bundle in Resources */,
				AA29934F1F0A49EF00C174ED /* IndependentVideoBundle.bundle in Resources */,
				AA29935A1F0A49EF00C174ED /* vg_mute_on.png in Resources */,
				AA29934E1F0A49EF00C174ED /* DMLocalizable.strings in Resources */,
				AA29935B1F0A49EF00C174ED /* vg_privacy.png in Resources */,
			);
			runOnlyForDeploymentPostprocessing = 0;
		};
/* End PBXResourcesBuildPhase section */

/* Begin PBXSourcesBuildPhase section */
		AAAFBBB91EA5E05B008A12B3 /* Sources */ = {
			isa = PBXSourcesBuildPhase;
			buildActionMask = 2147483647;
			files = (
				AA2992961F0A40B800C174ED /* ViewController.m in Sources */,
				AA2992991F0A411B00C174ED /* WallViewController.m in Sources */,
				AA2992931F0A40B800C174ED /* BannerTestViewController.m in Sources */,
				AAAFBBC51EA5E05B008A12B3 /* AppDelegate.m in Sources */,
				AA2992951F0A40B800C174ED /* RewardViewController.m in Sources */,
				AA2992941F0A40B800C174ED /* InterstitialViewController.m in Sources */,
				AAAFBBC21EA5E05B008A12B3 /* main.m in Sources */,
			);
			runOnlyForDeploymentPostprocessing = 0;
		};
/* End PBXSourcesBuildPhase section */

/* Begin PBXVariantGroup section */
		AA2993281F0A49EF00C174ED /* DMLocalizable.strings */ = {
			isa = PBXVariantGroup;
			children = (
				AA2993291F0A49EF00C174ED /* en */,
				AA29932B1F0A49EF00C174ED /* zh-Hans */,
			);
			name = DMLocalizable.strings;
			sourceTree = "<group>";
		};
		AAAFBBCE1EA5E05B008A12B3 /* LaunchScreen.storyboard */ = {
			isa = PBXVariantGroup;
			children = (
				AAAFBBCF1EA5E05B008A12B3 /* Base */,
			);
			name = LaunchScreen.storyboard;
			sourceTree = "<group>";
		};
/* End PBXVariantGroup section */

/* Begin XCBuildConfiguration section */
		AAAFBBD21EA5E05B008A12B3 /* Debug */ = {
			isa = XCBuildConfiguration;
			buildSettings = {
				ALWAYS_SEARCH_USER_PATHS = NO;
				CLANG_ANALYZER_LOCALIZABILITY_NONLOCALIZED = YES;
				CLANG_ANALYZER_NONNULL = YES;
				CLANG_CXX_LANGUAGE_STANDARD = "gnu++0x";
				CLANG_CXX_LIBRARY = "libc++";
				CLANG_ENABLE_MODULES = YES;
				CLANG_ENABLE_OBJC_ARC = YES;
				CLANG_WARN_BOOL_CONVERSION = YES;
				CLANG_WARN_CONSTANT_CONVERSION = YES;
				CLANG_WARN_DIRECT_OBJC_ISA_USAGE = YES_ERROR;
				CLANG_WARN_DOCUMENTATION_COMMENTS = YES;
				CLANG_WARN_EMPTY_BODY = YES;
				CLANG_WARN_ENUM_CONVERSION = YES;
				CLANG_WARN_INFINITE_RECURSION = YES;
				CLANG_WARN_INT_CONVERSION = YES;
				CLANG_WARN_OBJC_ROOT_CLASS = YES_ERROR;
				CLANG_WARN_SUSPICIOUS_MOVE = YES;
				CLANG_WARN_UNREACHABLE_CODE = YES;
				CLANG_WARN__DUPLICATE_METHOD_MATCH = YES;
				"CODE_SIGN_IDENTITY[sdk=iphoneos*]" = "iPhone Developer";
				COPY_PHASE_STRIP = NO;
				DEBUG_INFORMATION_FORMAT = dwarf;
				ENABLE_BITCODE = NO;
				ENABLE_STRICT_OBJC_MSGSEND = YES;
				ENABLE_TESTABILITY = YES;
				GCC_C_LANGUAGE_STANDARD = gnu99;
				GCC_DYNAMIC_NO_PIC = NO;
				GCC_NO_COMMON_BLOCKS = YES;
				GCC_OPTIMIZATION_LEVEL = 0;
				GCC_PREPROCESSOR_DEFINITIONS = (
					"DEBUG=1",
					"$(inherited)",
				);
				GCC_WARN_64_TO_32_BIT_CONVERSION = YES;
				GCC_WARN_ABOUT_RETURN_TYPE = YES_ERROR;
				GCC_WARN_UNDECLARED_SELECTOR = YES;
				GCC_WARN_UNINITIALIZED_AUTOS = YES_AGGRESSIVE;
				GCC_WARN_UNUSED_FUNCTION = YES;
				GCC_WARN_UNUSED_VARIABLE = YES;
				IPHONEOS_DEPLOYMENT_TARGET = 8.0;
				MTL_ENABLE_DEBUG_INFO = YES;
				ONLY_ACTIVE_ARCH = YES;
				OTHER_LDFLAGS = (
					"-ObjC",
					"-fobjc-arc",
				);
				SDKROOT = iphoneos;
			};
			name = Debug;
		};
		AAAFBBD31EA5E05B008A12B3 /* Release */ = {
			isa = XCBuildConfiguration;
			buildSettings = {
				ALWAYS_SEARCH_USER_PATHS = NO;
				CLANG_ANALYZER_LOCALIZABILITY_NONLOCALIZED = YES;
				CLANG_ANALYZER_NONNULL = YES;
				CLANG_CXX_LANGUAGE_STANDARD = "gnu++0x";
				CLANG_CXX_LIBRARY = "libc++";
				CLANG_ENABLE_MODULES = YES;
				CLANG_ENABLE_OBJC_ARC = YES;
				CLANG_WARN_BOOL_CONVERSION = YES;
				CLANG_WARN_CONSTANT_CONVERSION = YES;
				CLANG_WARN_DIRECT_OBJC_ISA_USAGE = YES_ERROR;
				CLANG_WARN_DOCUMENTATION_COMMENTS = YES;
				CLANG_WARN_EMPTY_BODY = YES;
				CLANG_WARN_ENUM_CONVERSION = YES;
				CLANG_WARN_INFINITE_RECURSION = YES;
				CLANG_WARN_INT_CONVERSION = YES;
				CLANG_WARN_OBJC_ROOT_CLASS = YES_ERROR;
				CLANG_WARN_SUSPICIOUS_MOVE = YES;
				CLANG_WARN_UNREACHABLE_CODE = YES;
				CLANG_WARN__DUPLICATE_METHOD_MATCH = YES;
				"CODE_SIGN_IDENTITY[sdk=iphoneos*]" = "iPhone Developer";
				COPY_PHASE_STRIP = NO;
				DEBUG_INFORMATION_FORMAT = "dwarf-with-dsym";
				ENABLE_BITCODE = NO;
				ENABLE_NS_ASSERTIONS = NO;
				ENABLE_STRICT_OBJC_MSGSEND = YES;
				GCC_C_LANGUAGE_STANDARD = gnu99;
				GCC_NO_COMMON_BLOCKS = YES;
				GCC_WARN_64_TO_32_BIT_CONVERSION = YES;
				GCC_WARN_ABOUT_RETURN_TYPE = YES_ERROR;
				GCC_WARN_UNDECLARED_SELECTOR = YES;
				GCC_WARN_UNINITIALIZED_AUTOS = YES_AGGRESSIVE;
				GCC_WARN_UNUSED_FUNCTION = YES;
				GCC_WARN_UNUSED_VARIABLE = YES;
				IPHONEOS_DEPLOYMENT_TARGET = 8.0;
				MTL_ENABLE_DEBUG_INFO = NO;
				OTHER_LDFLAGS = (
					"-ObjC",
					"-fobjc-arc",
				);
				SDKROOT = iphoneos;
				VALIDATE_PRODUCT = YES;
			};
			name = Release;
		};
		AAAFBBD51EA5E05B008A12B3 /* Debug */ = {
			isa = XCBuildConfiguration;
			buildSettings = {
				ASSETCATALOG_COMPILER_APPICON_NAME = AppIcon;
				"CODE_SIGN_IDENTITY[sdk=iphoneos*]" = "iPhone Developer";
				DEVELOPMENT_TEAM = KT2VUH5W7D;
				ENABLE_BITCODE = YES;
				FRAMEWORK_SEARCH_PATHS = (
					"$(inherited)",
					"$(PROJECT_DIR)/Framework/AvidlyAdsSDK",
					"$(PROJECT_DIR)/3rdFramework/AdColony-iOS-SDK-3.1.0",
					"$(PROJECT_DIR)/3rdFramework/Mobvista-SDK-1.9.0",
					"$(PROJECT_DIR)/3rdFramework/Unity-SDK-2.1.0",
					"$(PROJECT_DIR)/3rdFramework/Vungle-SDK-4.0.9",
					"$(PROJECT_DIR)/3rdFramework/AppLovin-SDK-4.2.1",
					"$(PROJECT_DIR)/3rdFramework/FBAudienceNetwork-4.22.0",
					"$(PROJECT_DIR)/3rdFramework/GoogleMobileAdsSdkiOS-7.19.0",
				);
				GCC_PREPROCESSOR_DEFINITIONS = (
					"DEBUG=1",
					"$(inherited)",
				);
				INFOPLIST_FILE = AvidlyAdsSDK/Info.plist;
				IPHONEOS_DEPLOYMENT_TARGET = 8.0;
				LD_RUNPATH_SEARCH_PATHS = "$(inherited) @executable_path/Frameworks";
				LIBRARY_SEARCH_PATHS = (
					"$(inherited)",
					"$(PROJECT_DIR)/3rdFramework/Appnext-SDK-1.8.2",
					"$(PROJECT_DIR)/3rdFramework/ChanceAd-SDK-6.4.3",
					"$(PROJECT_DIR)/3rdFramework/Domob-SDK-3.6.0",
					"$(PROJECT_DIR)/3rdFramework/OneWaySDK-1.3.0",
					"$(PROJECT_DIR)/3rdFramework/GDT-SDK-4.5.7",
				);
				"MTL_ENABLE_DEBUG_INFO[arch=*]" = YES;
				OTHER_LDFLAGS = (
					"-ObjC",
					"-fobjc-arc",
				);
				PRODUCT_BUNDLE_IDENTIFIER = com.avidly.adsdk.demo;
				PRODUCT_NAME = "$(TARGET_NAME)";
				PROVISIONING_PROFILE_SPECIFIER = "";
			};
			name = Debug;
		};
		AAAFBBD61EA5E05B008A12B3 /* Release */ = {
			isa = XCBuildConfiguration;
			buildSettings = {
				ASSETCATALOG_COMPILER_APPICON_NAME = AppIcon;
				"CODE_SIGN_IDENTITY[sdk=iphoneos*]" = "iPhone Developer";
				DEVELOPMENT_TEAM = KT2VUH5W7D;
				ENABLE_BITCODE = YES;
				FRAMEWORK_SEARCH_PATHS = (
					"$(inherited)",
					"$(PROJECT_DIR)/Framework/AvidlyAdsSDK",
					"$(PROJECT_DIR)/3rdFramework/AdColony-iOS-SDK-3.1.0",
					"$(PROJECT_DIR)/3rdFramework/Mobvista-SDK-1.9.0",
					"$(PROJECT_DIR)/3rdFramework/Unity-SDK-2.1.0",
					"$(PROJECT_DIR)/3rdFramework/Vungle-SDK-4.0.9",
					"$(PROJECT_DIR)/3rdFramework/AppLovin-SDK-4.2.1",
					"$(PROJECT_DIR)/3rdFramework/FBAudienceNetwork-4.22.0",
					"$(PROJECT_DIR)/3rdFramework/GoogleMobileAdsSdkiOS-7.19.0",
				);
				INFOPLIST_FILE = AvidlyAdsSDK/Info.plist;
				IPHONEOS_DEPLOYMENT_TARGET = 8.0;
				LD_RUNPATH_SEARCH_PATHS = "$(inherited) @executable_path/Frameworks";
				LIBRARY_SEARCH_PATHS = (
					"$(inherited)",
					"$(PROJECT_DIR)/3rdFramework/Appnext-SDK-1.8.2",
					"$(PROJECT_DIR)/3rdFramework/ChanceAd-SDK-6.4.3",
					"$(PROJECT_DIR)/3rdFramework/Domob-SDK-3.6.0",
					"$(PROJECT_DIR)/3rdFramework/OneWaySDK-1.3.0",
					"$(PROJECT_DIR)/3rdFramework/GDT-SDK-4.5.7",
				);
				OTHER_LDFLAGS = (
					"-ObjC",
					"-fobjc-arc",
				);
				PRODUCT_BUNDLE_IDENTIFIER = com.avidly.adsdk.demo;
				PRODUCT_NAME = "$(TARGET_NAME)";
				PROVISIONING_PROFILE_SPECIFIER = "";
			};
			name = Release;
		};
/* End XCBuildConfiguration section */

/* Begin XCConfigurationList section */
		AAAFBBB81EA5E05B008A12B3 /* Build configuration list for PBXProject "AvidlyAdsSDK" */ = {
			isa = XCConfigurationList;
			buildConfigurations = (
				AAAFBBD21EA5E05B008A12B3 /* Debug */,
				AAAFBBD31EA5E05B008A12B3 /* Release */,
			);
			defaultConfigurationIsVisible = 0;
			defaultConfigurationName = Release;
		};
		AAAFBBD41EA5E05B008A12B3 /* Build configuration list for PBXNativeTarget "AvidlyAdsSDK" */ = {
			isa = XCConfigurationList;
			buildConfigurations = (
				AAAFBBD51EA5E05B008A12B3 /* Debug */,
				AAAFBBD61EA5E05B008A12B3 /* Release */,
			);
			defaultConfigurationIsVisible = 0;
			defaultConfigurationName = Release;
		};
/* End XCConfigurationList section */
	};
	rootObject = AAAFBBB51EA5E05B008A12B3 /* Project object */;
}
